
Microsoft Visual Studio Solution File, Format Version 11.00
# Visual Studio 2010
Project("{FAE04EC0-301F-11D3-BF4B-00C04F79EFBC}") = "CherryTomato", "CherryTomato\CherryTomato.csproj", "{FFF019A4-DB0B-452A-83AE-C967A546A278}"
EndProject
Project("{FAE04EC0-301F-11D3-BF4B-00C04F79EFBC}") = "TVTower.DBEditor", "TVTower.DBEditor\TVTower.DBEditor.csproj", "{CADB51F1-127E-4732-9A59-BA2CBDB9FAB1}"
EndProject
Project("{FAE04EC0-301F-11D3-BF4B-00C04F79EFBC}") = "TVTower.Entities", "TVTower.Entities\TVTower.Entities.csproj", "{7321A2E6-0174-41BA-B915-0D89135FFD94}"
EndProject
Project("{FAE04EC0-301F-11D3-BF4B-00C04F79EFBC}") = "TVTower.Xml", "TVTower.Xml\TVTower.Xml.csproj", "{AA190C79-EE0F-4396-BC57-2BFD89B1F242}"
EndProject
Project("{FAE04EC0-301F-11D3-BF4B-00C04F79EFBC}") = "TVTower.Import", "TVTower.Import\TVTower.Import.csproj", "{F5A3E9A8-87D7-420D-A37E-2974A39413D1}"
EndProject
Project("{FAE04EC0-301F-11D3-BF4B-00C04F79EFBC}") = "TVTower.SQL", "TVTower.SQL\TVTower.SQL.csproj", "{CBA79910-0D80-4E84-AAB6-92DE2A99C74D}"
EndProject
Project("{2150E333-8FDC-42A3-9474-1A3956D46DE8}") = "Solution Items", "Solution Items", "{19A731EB-6680-4FB2-A8EF-FF35020AF145}"
	ProjectSection(SolutionItems) = preProject
		Local.testsettings = Local.testsettings
		TraceAndTestImpact.testsettings = TraceAndTestImpact.testsettings
		TVTowerDBEditorSolution2.vsmdi = TVTowerDBEditorSolution2.vsmdi
	EndProjectSection
EndProject
Project("{FAE04EC0-301F-11D3-BF4B-00C04F79EFBC}") = "TVTower.UnitTests", "TVTower.UnitTests\TVTower.UnitTests.csproj", "{98FA7053-25A7-4FFF-8E74-1B5A254CCCEF}"
EndProject
Project("{FAE04EC0-301F-11D3-BF4B-00C04F79EFBC}") = "TVTower.Converter", "TVTower.Converter\TVTower.Converter.csproj", "{AFD86351-F554-4DBA-9505-76D6E4008279}"
EndProject
Project("{FAE04EC0-301F-11D3-BF4B-00C04F79EFBC}") = "CodeKnight.Core", "CodeKnight.Core\CodeKnight.Core.csproj", "{A12F5069-3DCE-406A-A9AB-42184F211121}"
EndProject
Project("{FAE04EC0-301F-11D3-BF4B-00C04F79EFBC}") = "TVTower.DBEditorGUI", "TVTower.DBEditorGUI\TVTower.DBEditorGUI.csproj", "{05974C12-A448-406B-A98A-BB3C59D95BC9}"
EndProject
Project("{FAE04EC0-301F-11D3-BF4B-00C04F79EFBC}") = "TVTower.Database", "TVTower.Database\TVTower.Database.csproj", "{136F71C1-7EA4-4256-A93F-23751E8AC679}"
EndProject
Project("{FAE04EC0-301F-11D3-BF4B-00C04F79EFBC}") = "CodeKnight.Core.Test", "CodeKnight.Core.Test\CodeKnight.Core.Test.csproj", "{80F323B9-E5C0-449C-ABA0-3450506F23AD}"
EndProject
Global
	GlobalSection(TestCaseManagementSettings) = postSolution
		CategoryFile = TVTowerDBEditorSolution2.vsmdi
	EndGlobalSection
	GlobalSection(SolutionConfigurationPlatforms) = preSolution
		Debug|Any CPU = Debug|Any CPU
		Debug|Mixed Platforms = Debug|Mixed Platforms
		Debug|x86 = Debug|x86
		Release|Any CPU = Release|Any CPU
		Release|Mixed Platforms = Release|Mixed Platforms
		Release|x86 = Release|x86
	EndGlobalSection
	GlobalSection(ProjectConfigurationPlatforms) = postSolution
		{FFF019A4-DB0B-452A-83AE-C967A546A278}.Debug|Any CPU.ActiveCfg = Debug|Any CPU
		{FFF019A4-DB0B-452A-83AE-C967A546A278}.Debug|Any CPU.Build.0 = Debug|Any CPU
		{FFF019A4-DB0B-452A-83AE-C967A546A278}.Debug|Mixed Platforms.ActiveCfg = Debug|Any CPU
		{FFF019A4-DB0B-452A-83AE-C967A546A278}.Debug|Mixed Platforms.Build.0 = Debug|Any CPU
		{FFF019A4-DB0B-452A-83AE-C967A546A278}.Debug|x86.ActiveCfg = Debug|Any CPU
		{FFF019A4-DB0B-452A-83AE-C967A546A278}.Release|Any CPU.ActiveCfg = Release|Any CPU
		{FFF019A4-DB0B-452A-83AE-C967A546A278}.Release|Any CPU.Build.0 = Release|Any CPU
		{FFF019A4-DB0B-452A-83AE-C967A546A278}.Release|Mixed Platforms.ActiveCfg = Release|Any CPU
		{FFF019A4-DB0B-452A-83AE-C967A546A278}.Release|Mixed Platforms.Build.0 = Release|Any CPU
		{FFF019A4-DB0B-452A-83AE-C967A546A278}.Release|x86.ActiveCfg = Release|Any CPU
		{CADB51F1-127E-4732-9A59-BA2CBDB9FAB1}.Debug|Any CPU.ActiveCfg = Debug|x86
		{CADB51F1-127E-4732-9A59-BA2CBDB9FAB1}.Debug|Mixed Platforms.ActiveCfg = Debug|x86
		{CADB51F1-127E-4732-9A59-BA2CBDB9FAB1}.Debug|Mixed Platforms.Build.0 = Debug|x86
		{CADB51F1-127E-4732-9A59-BA2CBDB9FAB1}.Debug|x86.ActiveCfg = Debug|x86
		{CADB51F1-127E-4732-9A59-BA2CBDB9FAB1}.Debug|x86.Build.0 = Debug|x86
		{CADB51F1-127E-4732-9A59-BA2CBDB9FAB1}.Release|Any CPU.ActiveCfg = Release|x86
		{CADB51F1-127E-4732-9A59-BA2CBDB9FAB1}.Release|Mixed Platforms.ActiveCfg = Release|x86
		{CADB51F1-127E-4732-9A59-BA2CBDB9FAB1}.Release|Mixed Platforms.Build.0 = Release|x86
		{CADB51F1-127E-4732-9A59-BA2CBDB9FAB1}.Release|x86.ActiveCfg = Release|x86
		{CADB51F1-127E-4732-9A59-BA2CBDB9FAB1}.Release|x86.Build.0 = Release|x86
		{7321A2E6-0174-41BA-B915-0D89135FFD94}.Debug|Any CPU.ActiveCfg = Debug|Any CPU
		{7321A2E6-0174-41BA-B915-0D89135FFD94}.Debug|Any CPU.Build.0 = Debug|Any CPU
		{7321A2E6-0174-41BA-B915-0D89135FFD94}.Debug|Mixed Platforms.ActiveCfg = Debug|Any CPU
		{7321A2E6-0174-41BA-B915-0D89135FFD94}.Debug|Mixed Platforms.Build.0 = Debug|Any CPU
		{7321A2E6-0174-41BA-B915-0D89135FFD94}.Debug|x86.ActiveCfg = Debug|Any CPU
		{7321A2E6-0174-41BA-B915-0D89135FFD94}.Release|Any CPU.ActiveCfg = Release|Any CPU
		{7321A2E6-0174-41BA-B915-0D89135FFD94}.Release|Any CPU.Build.0 = Release|Any CPU
		{7321A2E6-0174-41BA-B915-0D89135FFD94}.Release|Mixed Platforms.ActiveCfg = Release|Any CPU
		{7321A2E6-0174-41BA-B915-0D89135FFD94}.Release|Mixed Platforms.Build.0 = Release|Any CPU
		{7321A2E6-0174-41BA-B915-0D89135FFD94}.Release|x86.ActiveCfg = Release|Any CPU
		{AA190C79-EE0F-4396-BC57-2BFD89B1F242}.Debug|Any CPU.ActiveCfg = Debug|Any CPU
		{AA190C79-EE0F-4396-BC57-2BFD89B1F242}.Debug|Any CPU.Build.0 = Debug|Any CPU
		{AA190C79-EE0F-4396-BC57-2BFD89B1F242}.Debug|Mixed Platforms.ActiveCfg = Debug|Any CPU
		{AA190C79-EE0F-4396-BC57-2BFD89B1F242}.Debug|Mixed Platforms.Build.0 = Debug|Any CPU
		{AA190C79-EE0F-4396-BC57-2BFD89B1F242}.Debug|x86.ActiveCfg = Debug|Any CPU
		{AA190C79-EE0F-4396-BC57-2BFD89B1F242}.Release|Any CPU.ActiveCfg = Release|Any CPU
		{AA190C79-EE0F-4396-BC57-2BFD89B1F242}.Release|Any CPU.Build.0 = Release|Any CPU
		{AA190C79-EE0F-4396-BC57-2BFD89B1F242}.Release|Mixed Platforms.ActiveCfg = Release|Any CPU
		{AA190C79-EE0F-4396-BC57-2BFD89B1F242}.Release|Mixed Platforms.Build.0 = Release|Any CPU
		{AA190C79-EE0F-4396-BC57-2BFD89B1F242}.Release|x86.ActiveCfg = Release|Any CPU
		{F5A3E9A8-87D7-420D-A37E-2974A39413D1}.Debug|Any CPU.ActiveCfg = Debug|Any CPU
		{F5A3E9A8-87D7-420D-A37E-2974A39413D1}.Debug|Any CPU.Build.0 = Debug|Any CPU
		{F5A3E9A8-87D7-420D-A37E-2974A39413D1}.Debug|Mixed Platforms.ActiveCfg = Debug|Any CPU
		{F5A3E9A8-87D7-420D-A37E-2974A39413D1}.Debug|Mixed Platforms.Build.0 = Debug|Any CPU
		{F5A3E9A8-87D7-420D-A37E-2974A39413D1}.Debug|x86.ActiveCfg = Debug|Any CPU
		{F5A3E9A8-87D7-420D-A37E-2974A39413D1}.Release|Any CPU.ActiveCfg = Release|Any CPU
		{F5A3E9A8-87D7-420D-A37E-2974A39413D1}.Release|Any CPU.Build.0 = Release|Any CPU
		{F5A3E9A8-87D7-420D-A37E-2974A39413D1}.Release|Mixed Platforms.ActiveCfg = Release|Any CPU
		{F5A3E9A8-87D7-420D-A37E-2974A39413D1}.Release|Mixed Platforms.Build.0 = Release|Any CPU
		{F5A3E9A8-87D7-420D-A37E-2974A39413D1}.Release|x86.ActiveCfg = Release|Any CPU
		{CBA79910-0D80-4E84-AAB6-92DE2A99C74D}.Debug|Any CPU.ActiveCfg = Debug|Any CPU
		{CBA79910-0D80-4E84-AAB6-92DE2A99C74D}.Debug|Any CPU.Build.0 = Debug|Any CPU
		{CBA79910-0D80-4E84-AAB6-92DE2A99C74D}.Debug|Mixed Platforms.ActiveCfg = Debug|Any CPU
		{CBA79910-0D80-4E84-AAB6-92DE2A99C74D}.Debug|Mixed Platforms.Build.0 = Debug|Any CPU
		{CBA79910-0D80-4E84-AAB6-92DE2A99C74D}.Debug|x86.ActiveCfg = Debug|Any CPU
		{CBA79910-0D80-4E84-AAB6-92DE2A99C74D}.Release|Any CPU.ActiveCfg = Release|Any CPU
		{CBA79910-0D80-4E84-AAB6-92DE2A99C74D}.Release|Any CPU.Build.0 = Release|Any CPU
		{CBA79910-0D80-4E84-AAB6-92DE2A99C74D}.Release|Mixed Platforms.ActiveCfg = Release|Any CPU
		{CBA79910-0D80-4E84-AAB6-92DE2A99C74D}.Release|Mixed Platforms.Build.0 = Release|Any CPU
		{CBA79910-0D80-4E84-AAB6-92DE2A99C74D}.Release|x86.ActiveCfg = Release|Any CPU
		{98FA7053-25A7-4FFF-8E74-1B5A254CCCEF}.Debug|Any CPU.ActiveCfg = Debug|Any CPU
		{98FA7053-25A7-4FFF-8E74-1B5A254CCCEF}.Debug|Any CPU.Build.0 = Debug|Any CPU
		{98FA7053-25A7-4FFF-8E74-1B5A254CCCEF}.Debug|Mixed Platforms.ActiveCfg = Debug|Any CPU
		{98FA7053-25A7-4FFF-8E74-1B5A254CCCEF}.Debug|Mixed Platforms.Build.0 = Debug|Any CPU
		{98FA7053-25A7-4FFF-8E74-1B5A254CCCEF}.Debug|x86.ActiveCfg = Debug|Any CPU
		{98FA7053-25A7-4FFF-8E74-1B5A254CCCEF}.Release|Any CPU.ActiveCfg = Release|Any CPU
		{98FA7053-25A7-4FFF-8E74-1B5A254CCCEF}.Release|Any CPU.Build.0 = Release|Any CPU
		{98FA7053-25A7-4FFF-8E74-1B5A254CCCEF}.Release|Mixed Platforms.ActiveCfg = Release|Any CPU
		{98FA7053-25A7-4FFF-8E74-1B5A254CCCEF}.Release|Mixed Platforms.Build.0 = Release|Any CPU
		{98FA7053-25A7-4FFF-8E74-1B5A254CCCEF}.Release|x86.ActiveCfg = Release|Any CPU
		{AFD86351-F554-4DBA-9505-76D6E4008279}.Debug|Any CPU.ActiveCfg = Debug|Any CPU
		{AFD86351-F554-4DBA-9505-76D6E4008279}.Debug|Any CPU.Build.0 = Debug|Any CPU
		{AFD86351-F554-4DBA-9505-76D6E4008279}.Debug|Mixed Platforms.ActiveCfg = Debug|Any CPU
		{AFD86351-F554-4DBA-9505-76D6E4008279}.Debug|Mixed Platforms.Build.0 = Debug|Any CPU
		{AFD86351-F554-4DBA-9505-76D6E4008279}.Debug|x86.ActiveCfg = Debug|Any CPU
		{AFD86351-F554-4DBA-9505-76D6E4008279}.Release|Any CPU.ActiveCfg = Release|Any CPU
		{AFD86351-F554-4DBA-9505-76D6E4008279}.Release|Any CPU.Build.0 = Release|Any CPU
		{AFD86351-F554-4DBA-9505-76D6E4008279}.Release|Mixed Platforms.ActiveCfg = Release|Any CPU
		{AFD86351-F554-4DBA-9505-76D6E4008279}.Release|Mixed Platforms.Build.0 = Release|Any CPU
		{AFD86351-F554-4DBA-9505-76D6E4008279}.Release|x86.ActiveCfg = Release|Any CPU
		{A12F5069-3DCE-406A-A9AB-42184F211121}.Debug|Any CPU.ActiveCfg = Debug|Any CPU
		{A12F5069-3DCE-406A-A9AB-42184F211121}.Debug|Any CPU.Build.0 = Debug|Any CPU
		{A12F5069-3DCE-406A-A9AB-42184F211121}.Debug|Mixed Platforms.ActiveCfg = Debug|Any CPU
		{A12F5069-3DCE-406A-A9AB-42184F211121}.Debug|Mixed Platforms.Build.0 = Debug|Any CPU
		{A12F5069-3DCE-406A-A9AB-42184F211121}.Debug|x86.ActiveCfg = Debug|Any CPU
		{A12F5069-3DCE-406A-A9AB-42184F211121}.Release|Any CPU.ActiveCfg = Release|Any CPU
		{A12F5069-3DCE-406A-A9AB-42184F211121}.Release|Any CPU.Build.0 = Release|Any CPU
		{A12F5069-3DCE-406A-A9AB-42184F211121}.Release|Mixed Platforms.ActiveCfg = Release|Any CPU
		{A12F5069-3DCE-406A-A9AB-42184F211121}.Release|Mixed Platforms.Build.0 = Release|Any CPU
		{A12F5069-3DCE-406A-A9AB-42184F211121}.Release|x86.ActiveCfg = Release|Any CPU
		{05974C12-A448-406B-A98A-BB3C59D95BC9}.Debug|Any CPU.ActiveCfg = Debug|x86
		{05974C12-A448-406B-A98A-BB3C59D95BC9}.Debug|Mixed Platforms.ActiveCfg = Debug|x86
		{05974C12-A448-406B-A98A-BB3C59D95BC9}.Debug|Mixed Platforms.Build.0 = Debug|x86
		{05974C12-A448-406B-A98A-BB3C59D95BC9}.Debug|x86.ActiveCfg = Debug|x86
		{05974C12-A448-406B-A98A-BB3C59D95BC9}.Debug|x86.Build.0 = Debug|x86
		{05974C12-A448-406B-A98A-BB3C59D95BC9}.Release|Any CPU.ActiveCfg = Release|x86
		{05974C12-A448-406B-A98A-BB3C59D95BC9}.Release|Mixed Platforms.ActiveCfg = Release|x86
		{05974C12-A448-406B-A98A-BB3C59D95BC9}.Release|Mixed Platforms.Build.0 = Release|x86
		{05974C12-A448-406B-A98A-BB3C59D95BC9}.Release|x86.ActiveCfg = Release|x86
		{05974C12-A448-406B-A98A-BB3C59D95BC9}.Release|x86.Build.0 = Release|x86
		{136F71C1-7EA4-4256-A93F-23751E8AC679}.Debug|Any CPU.ActiveCfg = Debug|Any CPU
		{136F71C1-7EA4-4256-A93F-23751E8AC679}.Debug|Any CPU.Build.0 = Debug|Any CPU
		{136F71C1-7EA4-4256-A93F-23751E8AC679}.Debug|Mixed Platforms.ActiveCfg = Debug|Any CPU
		{136F71C1-7EA4-4256-A93F-23751E8AC679}.Debug|Mixed Platforms.Build.0 = Debug|Any CPU
		{136F71C1-7EA4-4256-A93F-23751E8AC679}.Debug|x86.ActiveCfg = Debug|Any CPU
		{136F71C1-7EA4-4256-A93F-23751E8AC679}.Release|Any CPU.ActiveCfg = Release|Any CPU
		{136F71C1-7EA4-4256-A93F-23751E8AC679}.Release|Any CPU.Build.0 = Release|Any CPU
		{136F71C1-7EA4-4256-A93F-23751E8AC679}.Release|Mixed Platforms.ActiveCfg = Release|Any CPU
		{136F71C1-7EA4-4256-A93F-23751E8AC679}.Release|Mixed Platforms.Build.0 = Release|Any CPU
		{136F71C1-7EA4-4256-A93F-23751E8AC679}.Release|x86.ActiveCfg = Release|Any CPU
		{80F323B9-E5C0-449C-ABA0-3450506F23AD}.Debug|Any CPU.ActiveCfg = Debug|Any CPU
		{80F323B9-E5C0-449C-ABA0-3450506F23AD}.Debug|Any CPU.Build.0 = Debug|Any CPU
		{80F323B9-E5C0-449C-ABA0-3450506F23AD}.Debug|Mixed Platforms.ActiveCfg = Debug|Any CPU
		{80F323B9-E5C0-449C-ABA0-3450506F23AD}.Debug|Mixed Platforms.Build.0 = Debug|Any CPU
		{80F323B9-E5C0-449C-ABA0-3450506F23AD}.Debug|x86.ActiveCfg = Debug|Any CPU
		{80F323B9-E5C0-449C-ABA0-3450506F23AD}.Release|Any CPU.ActiveCfg = Release|Any CPU
		{80F323B9-E5C0-449C-ABA0-3450506F23AD}.Release|Any CPU.Build.0 = Release|Any CPU
		{80F323B9-E5C0-449C-ABA0-3450506F23AD}.Release|Mixed Platforms.ActiveCfg = Release|Any CPU
		{80F323B9-E5C0-449C-ABA0-3450506F23AD}.Release|Mixed Platforms.Build.0 = Release|Any CPU
		{80F323B9-E5C0-449C-ABA0-3450506F23AD}.Release|x86.ActiveCfg = Release|Any CPU
	EndGlobalSection
	GlobalSection(SolutionProperties) = preSolution
		HideSolutionNode = FALSE
	EndGlobalSection
	GlobalSection(MonoDevelopProperties) = preSolution
		StartupItem = TVTower.DBEditorGUI\TVTower.DBEditorGUI.csproj
	EndGlobalSection
EndGlobal
